
Microsoft Visual Studio Solution File, Format Version 12.00
# Visual Studio Version 16
VisualStudioVersion = 16.0.29728.190
MinimumVisualStudioVersion = 10.0.40219.1
Project("{8BC9CEB8-8B4A-11D0-8D11-00A0C91BC942}") = "EnumTest", "EnumTest.vcxproj", "{B965876A-3B9F-4B22-81D5-4734C8140728}"
EndProject
Global
	GlobalSection(SolutionConfigurationPlatforms) = preSolution
		Debug|x64 = Debug|x64
		Debug|x86 = Debug|x86
		Release|x64 = Release|x64
		Release|x86 = Release|x86
	EndGlobalSection
	GlobalSection(ProjectConfigurationPlatforms) = postSolution
		{B965876A-3B9F-4B22-81D5-4734C8140728}.Debug|x64.ActiveCfg = Debug|x64
		{B965876A-3B9F-4B22-81D5-4734C8140728}.Debug|x64.Build.0 = Debug|x64
		{B965876A-3B9F-4B22-81D5-4734C8140728}.Debug|x86.ActiveCfg = Debug|Win32
		{B965876A-3B9F-4B22-81D5-4734C8140728}.Debug|x86.Build.0 = Debug|Win32
		{B965876A-3B9F-4B22-81D5-4734C8140728}.Release|x64.ActiveCfg = Release|x64
		{B965876A-3B9F-4B22-81D5-4734C8140728}.Release|x64.Build.0 = Release|x64
		{B965876A-3B9F-4B22-81D5-4734C8140728}.Release|x86.ActiveCfg = Release|Win32
		{B965876A-3B9F-4B22-81D5-4734C8140728}.Release|x86.Build.0 = Release|Win32
	EndGlobalSection
	GlobalSection(SolutionProperties) = preSolution
		HideSolutionNode = FALSE
	EndGlobalSection
	GlobalSection(ExtensibilityGlobals) = postSolution
		SolutionGuid = {C976D60D-16BF-49FE-8D2F-753C10F00CF9}
	EndGlobalSection
EndGlobal
